
Microsoft Visual Studio Solution File, Format Version 12.00
# Visual Studio Version 17
VisualStudioVersion = 17.0.31903.59
MinimumVisualStudioVersion = 10.0.40219.1
Project("{2150E333-8FDC-42A3-9474-1A3956D46DE8}") = "src", "src", "{18788C16-6F6E-4DDF-B0F9-B8B8BD9EA3F8}"
EndProject
Project("{FAE04EC0-301F-11D3-BF4B-00C04F79EFBC}") = "Mandate.Orchestrator", "src\Mandate.Orchestrator\Mandate.Orchestrator.csproj", "{71FDDCBE-3A50-433C-B9D8-4BE448FDB9B4}"
EndProject
Project("{FAE04EC0-301F-11D3-BF4B-00C04F79EFBC}") = "Mandate.Llm", "src\Mandate.Llm\Mandate.Llm.csproj", "{7562A3E0-BFAC-4903-AA4D-3EAA5716F0B7}"
EndProject
Project("{FAE04EC0-301F-11D3-BF4B-00C04F79EFBC}") = "Mandate.Policy", "src\Mandate.Policy\Mandate.Policy.csproj", "{5502E015-4FCA-4534-8B3E-972A401EADA1}"
EndProject
Project("{FAE04EC0-301F-11D3-BF4B-00C04F79EFBC}") = "Mandate.Cli", "src\Mandate.Cli\Mandate.Cli.csproj", "{016026FB-3861-44F9-8124-C5FB9CBDD990}"
EndProject
Project("{FAE04EC0-301F-11D3-BF4B-00C04F79EFBC}") = "Mandate.Api", "src\Mandate.Api\Mandate.Api.csproj", "{6D1BF8A0-8AA7-4E3F-803F-FED6E7DE1975}"
EndProject
Project("{FAE04EC0-301F-11D3-BF4B-00C04F79EFBC}") = "Mandate.Agents", "src\Mandate.Agents\Mandate.Agents.csproj", "{98CDD5A9-CE78-4854-8D01-B4D62C833C53}"
EndProject
Project("{FAE04EC0-301F-11D3-BF4B-00C04F79EFBC}") = "Mandate.Observability", "src\Mandate.Observability\Mandate.Observability.csproj", "{3A045C41-01CE-4FA2-A9C3-66C184B354B5}"
EndProject
Project("{FAE04EC0-301F-11D3-BF4B-00C04F79EFBC}") = "Mandate.Persistence", "src\Mandate.Persistence\Mandate.Persistence.csproj", "{74F2B3BF-FBCC-4345-9037-769723FFB4E2}"
EndProject
Project("{FAE04EC0-301F-11D3-BF4B-00C04F79EFBC}") = "Mandate.Core", "src\Mandate.Core\Mandate.Core.csproj", "{9307D42E-1BBB-4B2E-8BA5-6CE746376BEF}"
EndProject
Project("{2150E333-8FDC-42A3-9474-1A3956D46DE8}") = "tests", "tests", "{E1BA0EAD-7FCC-4D0B-9C12-E708A5344E09}"
EndProject
Project("{FAE04EC0-301F-11D3-BF4B-00C04F79EFBC}") = "Mandate.Policy.Tests", "tests\Mandate.Policy.Tests\Mandate.Policy.Tests.csproj", "{1B1FDBDD-DA09-421E-A746-E7FE43F1DDAD}"
EndProject
Project("{FAE04EC0-301F-11D3-BF4B-00C04F79EFBC}") = "Mandate.Core.Tests", "tests\Mandate.Core.Tests\Mandate.Core.Tests.csproj", "{CC4C3EDB-6E0C-46B8-91A0-2C349A8FF11E}"
EndProject
Project("{FAE04EC0-301F-11D3-BF4B-00C04F79EFBC}") = "Mandate.Orchestrator.Tests", "tests\Mandate.Orchestrator.Tests\Mandate.Orchestrator.Tests.csproj", "{0003F444-56C8-447C-BFCF-CD28DB672861}"
EndProject
Project("{FAE04EC0-301F-11D3-BF4B-00C04F79EFBC}") = "Mandate.Workflows", "src\Mandate.Workflows\Mandate.Workflows.csproj", "{DC71F555-9690-4E49-96CD-EB5979493678}"
EndProject
Project("{FAE04EC0-301F-11D3-BF4B-00C04F79EFBC}") = "Mandate.Workflows.Tests", "tests\Mandate.Workflows.Tests\Mandate.Workflows.Tests.csproj", "{457866BC-EBDC-4A54-856C-A004E10B73BC}"
EndProject
Global
	GlobalSection(SolutionConfigurationPlatforms) = preSolution
		Debug|Any CPU = Debug|Any CPU
		Debug|x64 = Debug|x64
		Debug|x86 = Debug|x86
		Release|Any CPU = Release|Any CPU
		Release|x64 = Release|x64
		Release|x86 = Release|x86
	EndGlobalSection
	GlobalSection(ProjectConfigurationPlatforms) = postSolution
		{71FDDCBE-3A50-433C-B9D8-4BE448FDB9B4}.Debug|Any CPU.ActiveCfg = Debug|Any CPU
		{71FDDCBE-3A50-433C-B9D8-4BE448FDB9B4}.Debug|Any CPU.Build.0 = Debug|Any CPU
		{71FDDCBE-3A50-433C-B9D8-4BE448FDB9B4}.Debug|x64.ActiveCfg = Debug|Any CPU
		{71FDDCBE-3A50-433C-B9D8-4BE448FDB9B4}.Debug|x64.Build.0 = Debug|Any CPU
		{71FDDCBE-3A50-433C-B9D8-4BE448FDB9B4}.Debug|x86.ActiveCfg = Debug|Any CPU
		{71FDDCBE-3A50-433C-B9D8-4BE448FDB9B4}.Debug|x86.Build.0 = Debug|Any CPU
		{71FDDCBE-3A50-433C-B9D8-4BE448FDB9B4}.Release|Any CPU.ActiveCfg = Release|Any CPU
		{71FDDCBE-3A50-433C-B9D8-4BE448FDB9B4}.Release|Any CPU.Build.0 = Release|Any CPU
		{71FDDCBE-3A50-433C-B9D8-4BE448FDB9B4}.Release|x64.ActiveCfg = Release|Any CPU
		{71FDDCBE-3A50-433C-B9D8-4BE448FDB9B4}.Release|x64.Build.0 = Release|Any CPU
		{71FDDCBE-3A50-433C-B9D8-4BE448FDB9B4}.Release|x86.ActiveCfg = Release|Any CPU
		{71FDDCBE-3A50-433C-B9D8-4BE448FDB9B4}.Release|x86.Build.0 = Release|Any CPU
		{7562A3E0-BFAC-4903-AA4D-3EAA5716F0B7}.Debug|Any CPU.ActiveCfg = Debug|Any CPU
		{7562A3E0-BFAC-4903-AA4D-3EAA5716F0B7}.Debug|Any CPU.Build.0 = Debug|Any CPU
		{7562A3E0-BFAC-4903-AA4D-3EAA5716F0B7}.Debug|x64.ActiveCfg = Debug|Any CPU
		{7562A3E0-BFAC-4903-AA4D-3EAA5716F0B7}.Debug|x64.Build.0 = Debug|Any CPU
		{7562A3E0-BFAC-4903-AA4D-3EAA5716F0B7}.Debug|x86.ActiveCfg = Debug|Any CPU
		{7562A3E0-BFAC-4903-AA4D-3EAA5716F0B7}.Debug|x86.Build.0 = Debug|Any CPU
		{7562A3E0-BFAC-4903-AA4D-3EAA5716F0B7}.Release|Any CPU.ActiveCfg = Release|Any CPU
		{7562A3E0-BFAC-4903-AA4D-3EAA5716F0B7}.Release|Any CPU.Build.0 = Release|Any CPU
		{7562A3E0-BFAC-4903-AA4D-3EAA5716F0B7}.Release|x64.ActiveCfg = Release|Any CPU
		{7562A3E0-BFAC-4903-AA4D-3EAA5716F0B7}.Release|x64.Build.0 = Release|Any CPU
		{7562A3E0-BFAC-4903-AA4D-3EAA5716F0B7}.Release|x86.ActiveCfg = Release|Any CPU
		{7562A3E0-BFAC-4903-AA4D-3EAA5716F0B7}.Release|x86.Build.0 = Release|Any CPU
		{5502E015-4FCA-4534-8B3E-972A401EADA1}.Debug|Any CPU.ActiveCfg = Debug|Any CPU
		{5502E015-4FCA-4534-8B3E-972A401EADA1}.Debug|Any CPU.Build.0 = Debug|Any CPU
		{5502E015-4FCA-4534-8B3E-972A401EADA1}.Debug|x64.ActiveCfg = Debug|Any CPU
		{5502E015-4FCA-4534-8B3E-972A401EADA1}.Debug|x64.Build.0 = Debug|Any CPU
		{5502E015-4FCA-4534-8B3E-972A401EADA1}.Debug|x86.ActiveCfg = Debug|Any CPU
		{5502E015-4FCA-4534-8B3E-972A401EADA1}.Debug|x86.Build.0 = Debug|Any CPU
		{5502E015-4FCA-4534-8B3E-972A401EADA1}.Release|Any CPU.ActiveCfg = Release|Any CPU
		{5502E015-4FCA-4534-8B3E-972A401EADA1}.Release|Any CPU.Build.0 = Release|Any CPU
		{5502E015-4FCA-4534-8B3E-972A401EADA1}.Release|x64.ActiveCfg = Release|Any CPU
		{5502E015-4FCA-4534-8B3E-972A401EADA1}.Release|x64.Build.0 = Release|Any CPU
		{5502E015-4FCA-4534-8B3E-972A401EADA1}.Release|x86.ActiveCfg = Release|Any CPU
		{5502E015-4FCA-4534-8B3E-972A401EADA1}.Release|x86.Build.0 = Release|Any CPU
		{016026FB-3861-44F9-8124-C5FB9CBDD990}.Debug|Any CPU.ActiveCfg = Debug|Any CPU
		{016026FB-3861-44F9-8124-C5FB9CBDD990}.Debug|Any CPU.Build.0 = Debug|Any CPU
		{016026FB-3861-44F9-8124-C5FB9CBDD990}.Debug|x64.ActiveCfg = Debug|Any CPU
		{016026FB-3861-44F9-8124-C5FB9CBDD990}.Debug|x64.Build.0 = Debug|Any CPU
		{016026FB-3861-44F9-8124-C5FB9CBDD990}.Debug|x86.ActiveCfg = Debug|Any CPU
		{016026FB-3861-44F9-8124-C5FB9CBDD990}.Debug|x86.Build.0 = Debug|Any CPU
		{016026FB-3861-44F9-8124-C5FB9CBDD990}.Release|Any CPU.ActiveCfg = Release|Any CPU
		{016026FB-3861-44F9-8124-C5FB9CBDD990}.Release|Any CPU.Build.0 = Release|Any CPU
		{016026FB-3861-44F9-8124-C5FB9CBDD990}.Release|x64.ActiveCfg = Release|Any CPU
		{016026FB-3861-44F9-8124-C5FB9CBDD990}.Release|x64.Build.0 = Release|Any CPU
		{016026FB-3861-44F9-8124-C5FB9CBDD990}.Release|x86.ActiveCfg = Release|Any CPU
		{016026FB-3861-44F9-8124-C5FB9CBDD990}.Release|x86.Build.0 = Release|Any CPU
		{6D1BF8A0-8AA7-4E3F-803F-FED6E7DE1975}.Debug|Any CPU.ActiveCfg = Debug|Any CPU
		{6D1BF8A0-8AA7-4E3F-803F-FED6E7DE1975}.Debug|Any CPU.Build.0 = Debug|Any CPU
		{6D1BF8A0-8AA7-4E3F-803F-FED6E7DE1975}.Debug|x64.ActiveCfg = Debug|Any CPU
		{6D1BF8A0-8AA7-4E3F-803F-FED6E7DE1975}.Debug|x64.Build.0 = Debug|Any CPU
		{6D1BF8A0-8AA7-4E3F-803F-FED6E7DE1975}.Debug|x86.ActiveCfg = Debug|Any CPU
		{6D1BF8A0-8AA7-4E3F-803F-FED6E7DE1975}.Debug|x86.Build.0 = Debug|Any CPU
		{6D1BF8A0-8AA7-4E3F-803F-FED6E7DE1975}.Release|Any CPU.ActiveCfg = Release|Any CPU
		{6D1BF8A0-8AA7-4E3F-803F-FED6E7DE1975}.Release|Any CPU.Build.0 = Release|Any CPU
		{6D1BF8A0-8AA7-4E3F-803F-FED6E7DE1975}.Release|x64.ActiveCfg = Release|Any CPU
		{6D1BF8A0-8AA7-4E3F-803F-FED6E7DE1975}.Release|x64.Build.0 = Release|Any CPU
		{6D1BF8A0-8AA7-4E3F-803F-FED6E7DE1975}.Release|x86.ActiveCfg = Release|Any CPU
		{6D1BF8A0-8AA7-4E3F-803F-FED6E7DE1975}.Release|x86.Build.0 = Release|Any CPU
		{98CDD5A9-CE78-4854-8D01-B4D62C833C53}.Debug|Any CPU.ActiveCfg = Debug|Any CPU
		{98CDD5A9-CE78-4854-8D01-B4D62C833C53}.Debug|Any CPU.Build.0 = Debug|Any CPU
		{98CDD5A9-CE78-4854-8D01-B4D62C833C53}.Debug|x64.ActiveCfg = Debug|Any CPU
		{98CDD5A9-CE78-4854-8D01-B4D62C833C53}.Debug|x64.Build.0 = Debug|Any CPU
		{98CDD5A9-CE78-4854-8D01-B4D62C833C53}.Debug|x86.ActiveCfg = Debug|Any CPU
		{98CDD5A9-CE78-4854-8D01-B4D62C833C53}.Debug|x86.Build.0 = Debug|Any CPU
		{98CDD5A9-CE78-4854-8D01-B4D62C833C53}.Release|Any CPU.ActiveCfg = Release|Any CPU
		{98CDD5A9-CE78-4854-8D01-B4D62C833C53}.Release|Any CPU.Build.0 = Release|Any CPU
		{98CDD5A9-CE78-4854-8D01-B4D62C833C53}.Release|x64.ActiveCfg = Release|Any CPU
		{98CDD5A9-CE78-4854-8D01-B4D62C833C53}.Release|x64.Build.0 = Release|Any CPU
		{98CDD5A9-CE78-4854-8D01-B4D62C833C53}.Release|x86.ActiveCfg = Release|Any CPU
		{98CDD5A9-CE78-4854-8D01-B4D62C833C53}.Release|x86.Build.0 = Release|Any CPU
		{3A045C41-01CE-4FA2-A9C3-66C184B354B5}.Debug|Any CPU.ActiveCfg = Debug|Any CPU
		{3A045C41-01CE-4FA2-A9C3-66C184B354B5}.Debug|Any CPU.Build.0 = Debug|Any CPU
		{3A045C41-01CE-4FA2-A9C3-66C184B354B5}.Debug|x64.ActiveCfg = Debug|Any CPU
		{3A045C41-01CE-4FA2-A9C3-66C184B354B5}.Debug|x64.Build.0 = Debug|Any CPU
		{3A045C41-01CE-4FA2-A9C3-66C184B354B5}.Debug|x86.ActiveCfg = Debug|Any CPU
		{3A045C41-01CE-4FA2-A9C3-66C184B354B5}.Debug|x86.Build.0 = Debug|Any CPU
		{3A045C41-01CE-4FA2-A9C3-66C184B354B5}.Release|Any CPU.ActiveCfg = Release|Any CPU
		{3A045C41-01CE-4FA2-A9C3-66C184B354B5}.Release|Any CPU.Build.0 = Release|Any CPU
		{3A045C41-01CE-4FA2-A9C3-66C184B354B5}.Release|x64.ActiveCfg = Release|Any CPU
		{3A045C41-01CE-4FA2-A9C3-66C184B354B5}.Release|x64.Build.0 = Release|Any CPU
		{3A045C41-01CE-4FA2-A9C3-66C184B354B5}.Release|x86.ActiveCfg = Release|Any CPU
		{3A045C41-01CE-4FA2-A9C3-66C184B354B5}.Release|x86.Build.0 = Release|Any CPU
		{74F2B3BF-FBCC-4345-9037-769723FFB4E2}.Debug|Any CPU.ActiveCfg = Debug|Any CPU
		{74F2B3BF-FBCC-4345-9037-769723FFB4E2}.Debug|Any CPU.Build.0 = Debug|Any CPU
		{74F2B3BF-FBCC-4345-9037-769723FFB4E2}.Debug|x64.ActiveCfg = Debug|Any CPU
		{74F2B3BF-FBCC-4345-9037-769723FFB4E2}.Debug|x64.Build.0 = Debug|Any CPU
		{74F2B3BF-FBCC-4345-9037-769723FFB4E2}.Debug|x86.ActiveCfg = Debug|Any CPU
		{74F2B3BF-FBCC-4345-9037-769723FFB4E2}.Debug|x86.Build.0 = Debug|Any CPU
		{74F2B3BF-FBCC-4345-9037-769723FFB4E2}.Release|Any CPU.ActiveCfg = Release|Any CPU
		{74F2B3BF-FBCC-4345-9037-769723FFB4E2}.Release|Any CPU.Build.0 = Release|Any CPU
		{74F2B3BF-FBCC-4345-9037-769723FFB4E2}.Release|x64.ActiveCfg = Release|Any CPU
		{74F2B3BF-FBCC-4345-9037-769723FFB4E2}.Release|x64.Build.0 = Release|Any CPU
		{74F2B3BF-FBCC-4345-9037-769723FFB4E2}.Release|x86.ActiveCfg = Release|Any CPU
		{74F2B3BF-FBCC-4345-9037-769723FFB4E2}.Release|x86.Build.0 = Release|Any CPU
		{9307D42E-1BBB-4B2E-8BA5-6CE746376BEF}.Debug|Any CPU.ActiveCfg = Debug|Any CPU
		{9307D42E-1BBB-4B2E-8BA5-6CE746376BEF}.Debug|Any CPU.Build.0 = Debug|Any CPU
		{9307D42E-1BBB-4B2E-8BA5-6CE746376BEF}.Debug|x64.ActiveCfg = Debug|Any CPU
		{9307D42E-1BBB-4B2E-8BA5-6CE746376BEF}.Debug|x64.Build.0 = Debug|Any CPU
		{9307D42E-1BBB-4B2E-8BA5-6CE746376BEF}.Debug|x86.ActiveCfg = Debug|Any CPU
		{9307D42E-1BBB-4B2E-8BA5-6CE746376BEF}.Debug|x86.Build.0 = Debug|Any CPU
		{9307D42E-1BBB-4B2E-8BA5-6CE746376BEF}.Release|Any CPU.ActiveCfg = Release|Any CPU
		{9307D42E-1BBB-4B2E-8BA5-6CE746376BEF}.Release|Any CPU.Build.0 = Release|Any CPU
		{9307D42E-1BBB-4B2E-8BA5-6CE746376BEF}.Release|x64.ActiveCfg = Release|Any CPU
		{9307D42E-1BBB-4B2E-8BA5-6CE746376BEF}.Release|x64.Build.0 = Release|Any CPU
		{9307D42E-1BBB-4B2E-8BA5-6CE746376BEF}.Release|x86.ActiveCfg = Release|Any CPU
		{9307D42E-1BBB-4B2E-8BA5-6CE746376BEF}.Release|x86.Build.0 = Release|Any CPU
		{1B1FDBDD-DA09-421E-A746-E7FE43F1DDAD}.Debug|Any CPU.ActiveCfg = Debug|Any CPU
		{1B1FDBDD-DA09-421E-A746-E7FE43F1DDAD}.Debug|Any CPU.Build.0 = Debug|Any CPU
		{1B1FDBDD-DA09-421E-A746-E7FE43F1DDAD}.Debug|x64.ActiveCfg = Debug|Any CPU
		{1B1FDBDD-DA09-421E-A746-E7FE43F1DDAD}.Debug|x64.Build.0 = Debug|Any CPU
		{1B1FDBDD-DA09-421E-A746-E7FE43F1DDAD}.Debug|x86.ActiveCfg = Debug|Any CPU
		{1B1FDBDD-DA09-421E-A746-E7FE43F1DDAD}.Debug|x86.Build.0 = Debug|Any CPU
		{1B1FDBDD-DA09-421E-A746-E7FE43F1DDAD}.Release|Any CPU.ActiveCfg = Release|Any CPU
		{1B1FDBDD-DA09-421E-A746-E7FE43F1DDAD}.Release|Any CPU.Build.0 = Release|Any CPU
		{1B1FDBDD-DA09-421E-A746-E7FE43F1DDAD}.Release|x64.ActiveCfg = Release|Any CPU
		{1B1FDBDD-DA09-421E-A746-E7FE43F1DDAD}.Release|x64.Build.0 = Release|Any CPU
		{1B1FDBDD-DA09-421E-A746-E7FE43F1DDAD}.Release|x86.ActiveCfg = Release|Any CPU
		{1B1FDBDD-DA09-421E-A746-E7FE43F1DDAD}.Release|x86.Build.0 = Release|Any CPU
		{CC4C3EDB-6E0C-46B8-91A0-2C349A8FF11E}.Debug|Any CPU.ActiveCfg = Debug|Any CPU
		{CC4C3EDB-6E0C-46B8-91A0-2C349A8FF11E}.Debug|Any CPU.Build.0 = Debug|Any CPU
		{CC4C3EDB-6E0C-46B8-91A0-2C349A8FF11E}.Debug|x64.ActiveCfg = Debug|Any CPU
		{CC4C3EDB-6E0C-46B8-91A0-2C349A8FF11E}.Debug|x64.Build.0 = Debug|Any CPU
		{CC4C3EDB-6E0C-46B8-91A0-2C349A8FF11E}.Debug|x86.ActiveCfg = Debug|Any CPU
		{CC4C3EDB-6E0C-46B8-91A0-2C349A8FF11E}.Debug|x86.Build.0 = Debug|Any CPU
		{CC4C3EDB-6E0C-46B8-91A0-2C349A8FF11E}.Release|Any CPU.ActiveCfg = Release|Any CPU
		{CC4C3EDB-6E0C-46B8-91A0-2C349A8FF11E}.Release|Any CPU.Build.0 = Release|Any CPU
		{CC4C3EDB-6E0C-46B8-91A0-2C349A8FF11E}.Release|x64.ActiveCfg = Release|Any CPU
		{CC4C3EDB-6E0C-46B8-91A0-2C349A8FF11E}.Release|x64.Build.0 = Release|Any CPU
		{CC4C3EDB-6E0C-46B8-91A0-2C349A8FF11E}.Release|x86.ActiveCfg = Release|Any CPU
		{CC4C3EDB-6E0C-46B8-91A0-2C349A8FF11E}.Release|x86.Build.0 = Release|Any CPU
		{0003F444-56C8-447C-BFCF-CD28DB672861}.Debug|Any CPU.ActiveCfg = Debug|Any CPU
		{0003F444-56C8-447C-BFCF-CD28DB672861}.Debug|Any CPU.Build.0 = Debug|Any CPU
		{0003F444-56C8-447C-BFCF-CD28DB672861}.Debug|x64.ActiveCfg = Debug|Any CPU
		{0003F444-56C8-447C-BFCF-CD28DB672861}.Debug|x64.Build.0 = Debug|Any CPU
		{0003F444-56C8-447C-BFCF-CD28DB672861}.Debug|x86.ActiveCfg = Debug|Any CPU
		{0003F444-56C8-447C-BFCF-CD28DB672861}.Debug|x86.Build.0 = Debug|Any CPU
		{0003F444-56C8-447C-BFCF-CD28DB672861}.Release|Any CPU.ActiveCfg = Release|Any CPU
		{0003F444-56C8-447C-BFCF-CD28DB672861}.Release|Any CPU.Build.0 = Release|Any CPU
		{0003F444-56C8-447C-BFCF-CD28DB672861}.Release|x64.ActiveCfg = Release|Any CPU
		{0003F444-56C8-447C-BFCF-CD28DB672861}.Release|x64.Build.0 = Release|Any CPU
		{0003F444-56C8-447C-BFCF-CD28DB672861}.Release|x86.ActiveCfg = Release|Any CPU
		{0003F444-56C8-447C-BFCF-CD28DB672861}.Release|x86.Build.0 = Release|Any CPU
		{DC71F555-9690-4E49-96CD-EB5979493678}.Debug|Any CPU.ActiveCfg = Debug|Any CPU
		{DC71F555-9690-4E49-96CD-EB5979493678}.Debug|Any CPU.Build.0 = Debug|Any CPU
		{DC71F555-9690-4E49-96CD-EB5979493678}.Debug|x64.ActiveCfg = Debug|Any CPU
		{DC71F555-9690-4E49-96CD-EB5979493678}.Debug|x64.Build.0 = Debug|Any CPU
		{DC71F555-9690-4E49-96CD-EB5979493678}.Debug|x86.ActiveCfg = Debug|Any CPU
		{DC71F555-9690-4E49-96CD-EB5979493678}.Debug|x86.Build.0 = Debug|Any CPU
		{DC71F555-9690-4E49-96CD-EB5979493678}.Release|Any CPU.ActiveCfg = Release|Any CPU
		{DC71F555-9690-4E49-96CD-EB5979493678}.Release|Any CPU.Build.0 = Release|Any CPU
		{DC71F555-9690-4E49-96CD-EB5979493678}.Release|x64.ActiveCfg = Release|Any CPU
		{DC71F555-9690-4E49-96CD-EB5979493678}.Release|x64.Build.0 = Release|Any CPU
		{DC71F555-9690-4E49-96CD-EB5979493678}.Release|x86.ActiveCfg = Release|Any CPU
		{DC71F555-9690-4E49-96CD-EB5979493678}.Release|x86.Build.0 = Release|Any CPU
		{457866BC-EBDC-4A54-856C-A004E10B73BC}.Debug|Any CPU.ActiveCfg = Debug|Any CPU
		{457866BC-EBDC-4A54-856C-A004E10B73BC}.Debug|Any CPU.Build.0 = Debug|Any CPU
		{457866BC-EBDC-4A54-856C-A004E10B73BC}.Debug|x64.ActiveCfg = Debug|Any CPU
		{457866BC-EBDC-4A54-856C-A004E10B73BC}.Debug|x64.Build.0 = Debug|Any CPU
		{457866BC-EBDC-4A54-856C-A004E10B73BC}.Debug|x86.ActiveCfg = Debug|Any CPU
		{457866BC-EBDC-4A54-856C-A004E10B73BC}.Debug|x86.Build.0 = Debug|Any CPU
		{457866BC-EBDC-4A54-856C-A004E10B73BC}.Release|Any CPU.ActiveCfg = Release|Any CPU
		{457866BC-EBDC-4A54-856C-A004E10B73BC}.Release|Any CPU.Build.0 = Release|Any CPU
		{457866BC-EBDC-4A54-856C-A004E10B73BC}.Release|x64.ActiveCfg = Release|Any CPU
		{457866BC-EBDC-4A54-856C-A004E10B73BC}.Release|x64.Build.0 = Release|Any CPU
		{457866BC-EBDC-4A54-856C-A004E10B73BC}.Release|x86.ActiveCfg = Release|Any CPU
		{457866BC-EBDC-4A54-856C-A004E10B73BC}.Release|x86.Build.0 = Release|Any CPU
	EndGlobalSection
	GlobalSection(SolutionProperties) = preSolution
		HideSolutionNode = FALSE
	EndGlobalSection
	GlobalSection(NestedProjects) = preSolution
		{71FDDCBE-3A50-433C-B9D8-4BE448FDB9B4} = {18788C16-6F6E-4DDF-B0F9-B8B8BD9EA3F8}
		{7562A3E0-BFAC-4903-AA4D-3EAA5716F0B7} = {18788C16-6F6E-4DDF-B0F9-B8B8BD9EA3F8}
		{5502E015-4FCA-4534-8B3E-972A401EADA1} = {18788C16-6F6E-4DDF-B0F9-B8B8BD9EA3F8}
		{016026FB-3861-44F9-8124-C5FB9CBDD990} = {18788C16-6F6E-4DDF-B0F9-B8B8BD9EA3F8}
		{6D1BF8A0-8AA7-4E3F-803F-FED6E7DE1975} = {18788C16-6F6E-4DDF-B0F9-B8B8BD9EA3F8}
		{98CDD5A9-CE78-4854-8D01-B4D62C833C53} = {18788C16-6F6E-4DDF-B0F9-B8B8BD9EA3F8}
		{3A045C41-01CE-4FA2-A9C3-66C184B354B5} = {18788C16-6F6E-4DDF-B0F9-B8B8BD9EA3F8}
		{74F2B3BF-FBCC-4345-9037-769723FFB4E2} = {18788C16-6F6E-4DDF-B0F9-B8B8BD9EA3F8}
		{9307D42E-1BBB-4B2E-8BA5-6CE746376BEF} = {18788C16-6F6E-4DDF-B0F9-B8B8BD9EA3F8}
		{1B1FDBDD-DA09-421E-A746-E7FE43F1DDAD} = {E1BA0EAD-7FCC-4D0B-9C12-E708A5344E09}
		{CC4C3EDB-6E0C-46B8-91A0-2C349A8FF11E} = {E1BA0EAD-7FCC-4D0B-9C12-E708A5344E09}
		{0003F444-56C8-447C-BFCF-CD28DB672861} = {E1BA0EAD-7FCC-4D0B-9C12-E708A5344E09}
		{DC71F555-9690-4E49-96CD-EB5979493678} = {18788C16-6F6E-4DDF-B0F9-B8B8BD9EA3F8}
		{457866BC-EBDC-4A54-856C-A004E10B73BC} = {E1BA0EAD-7FCC-4D0B-9C12-E708A5344E09}
	EndGlobalSection
EndGlobal
